
Microsoft Visual Studio Solution File, Format Version 12.00
# Visual Studio Version 16
VisualStudioVersion = 16.0.31702.278
MinimumVisualStudioVersion = 10.0.40219.1
Project("{9A19103F-16F7-4668-BE54-9A1E7A4F7556}") = "LinkConverter.API", "LinkConverter.API\LinkConverter.API.csproj", "{6F2C5CCE-6C8C-46E0-89E4-28CE1986F414}"
EndProject
Project("{9A19103F-16F7-4668-BE54-9A1E7A4F7556}") = "LinkConverter.UnitTests", "LinkConverter.UnitTests\LinkConverter.UnitTests.csproj", "{03930812-8311-460F-9050-89D451246885}"
EndProject
Project("{E53339B2-1760-4266-BCC7-CA923CBCF16C}") = "docker-compose", "docker-compose.dcproj", "{2459BF70-00C3-43A4-AC0F-0CCAAFDD4155}"
EndProject
Global
	GlobalSection(SolutionConfigurationPlatforms) = preSolution
		Debug|Any CPU = Debug|Any CPU
		Release|Any CPU = Release|Any CPU
	EndGlobalSection
	GlobalSection(ProjectConfigurationPlatforms) = postSolution
		{6F2C5CCE-6C8C-46E0-89E4-28CE1986F414}.Debug|Any CPU.ActiveCfg = Debug|Any CPU
		{6F2C5CCE-6C8C-46E0-89E4-28CE1986F414}.Debug|Any CPU.Build.0 = Debug|Any CPU
		{6F2C5CCE-6C8C-46E0-89E4-28CE1986F414}.Release|Any CPU.ActiveCfg = Release|Any CPU
		{6F2C5CCE-6C8C-46E0-89E4-28CE1986F414}.Release|Any CPU.Build.0 = Release|Any CPU
		{03930812-8311-460F-9050-89D451246885}.Debug|Any CPU.ActiveCfg = Debug|Any CPU
		{03930812-8311-460F-9050-89D451246885}.Debug|Any CPU.Build.0 = Debug|Any CPU
		{03930812-8311-460F-9050-89D451246885}.Release|Any CPU.ActiveCfg = Release|Any CPU
		{03930812-8311-460F-9050-89D451246885}.Release|Any CPU.Build.0 = Release|Any CPU
		{2459BF70-00C3-43A4-AC0F-0CCAAFDD4155}.Debug|Any CPU.ActiveCfg = Debug|Any CPU
		{2459BF70-00C3-43A4-AC0F-0CCAAFDD4155}.Debug|Any CPU.Build.0 = Debug|Any CPU
		{2459BF70-00C3-43A4-AC0F-0CCAAFDD4155}.Release|Any CPU.ActiveCfg = Release|Any CPU
		{2459BF70-00C3-43A4-AC0F-0CCAAFDD4155}.Release|Any CPU.Build.0 = Release|Any CPU
	EndGlobalSection
	GlobalSection(SolutionProperties) = preSolution
		HideSolutionNode = FALSE
	EndGlobalSection
	GlobalSection(ExtensibilityGlobals) = postSolution
		SolutionGuid = {C640EF43-46E7-4B56-9130-6B2EAE314C07}
	EndGlobalSection
EndGlobal
